
Microsoft Visual Studio Solution File, Format Version 12.00
# Visual Studio Version 16
VisualStudioVersion = 16.0.29123.88
MinimumVisualStudioVersion = 10.0.40219.1
Project("{888888A0-9F3D-457C-B088-3A5042F75D52}") = "RVFL", "RVFL\RVFL.pyproj", "{AC83D83B-492B-4250-A191-7C1ABD50884E}"
EndProject
Global
	GlobalSection(SolutionConfigurationPlatforms) = preSolution
		Debug|Any CPU = Debug|Any CPU
		Release|Any CPU = Release|Any CPU
	EndGlobalSection
	GlobalSection(ProjectConfigurationPlatforms) = postSolution
		{AC83D83B-492B-4250-A191-7C1ABD50884E}.Debug|Any CPU.ActiveCfg = Debug|Any CPU
		{AC83D83B-492B-4250-A191-7C1ABD50884E}.Release|Any CPU.ActiveCfg = Release|Any CPU
	EndGlobalSection
	GlobalSection(SolutionProperties) = preSolution
		HideSolutionNode = FALSE
	EndGlobalSection
	GlobalSection(ExtensibilityGlobals) = postSolution
		SolutionGuid = {B37B112C-5377-4176-A8BE-7D631EA3828C}
	EndGlobalSection
EndGlobal
